// !$*UTF8*$!
{
	archiveVersion = 1;
	classes = {
	};
	objectVersion = 56;
	objects = {

/* Begin PBXBuildFile section */
		053BA521293215B400DFAB3A /* PeopleProtocol.swift in Sources */ = {isa = PBXBuildFile; fileRef = 053BA520293215B400DFAB3A /* PeopleProtocol.swift */; };
		053BA5232932174300DFAB3A /* PersonApi.swift in Sources */ = {isa = PBXBuildFile; fileRef = 053BA5222932174300DFAB3A /* PersonApi.swift */; };
		053BA5252932190E00DFAB3A /* ResponseApi.swift in Sources */ = {isa = PBXBuildFile; fileRef = 053BA5242932190E00DFAB3A /* ResponseApi.swift */; };
		053BA5272932194000DFAB3A /* ResponseProtocol.swift in Sources */ = {isa = PBXBuildFile; fileRef = 053BA5262932194000DFAB3A /* ResponseProtocol.swift */; };
		053BA52929321C2300DFAB3A /* ServiceApiProtocol.swift in Sources */ = {isa = PBXBuildFile; fileRef = 053BA52829321C2300DFAB3A /* ServiceApiProtocol.swift */; };
		053BA52B29321C3800DFAB3A /* ServiceApi.swift in Sources */ = {isa = PBXBuildFile; fileRef = 053BA52A29321C3800DFAB3A /* ServiceApi.swift */; };
		053BA52D293226E800DFAB3A /* CustomCollectionCell.swift in Sources */ = {isa = PBXBuildFile; fileRef = 053BA52C293226E800DFAB3A /* CustomCollectionCell.swift */; };
		053BA52F2932272A00DFAB3A /* CustomCollectionCell.xib in Resources */ = {isa = PBXBuildFile; fileRef = 053BA52E2932272A00DFAB3A /* CustomCollectionCell.xib */; };
		053BA5322932478B00DFAB3A /* HomeDetailContract.swift in Sources */ = {isa = PBXBuildFile; fileRef = 053BA5312932478B00DFAB3A /* HomeDetailContract.swift */; };
		053BA534293247AB00DFAB3A /* HomeDetailPresenter.swift in Sources */ = {isa = PBXBuildFile; fileRef = 053BA533293247AB00DFAB3A /* HomeDetailPresenter.swift */; };
		053BA536293247D700DFAB3A /* HomeDetailInteractor.swift in Sources */ = {isa = PBXBuildFile; fileRef = 053BA535293247D700DFAB3A /* HomeDetailInteractor.swift */; };
		053BA53A2932483600DFAB3A /* HomeDetailVIiewController.swift in Sources */ = {isa = PBXBuildFile; fileRef = 053BA5392932483600DFAB3A /* HomeDetailVIiewController.swift */; };
		053BA53C29324C7700DFAB3A /* HomeDetailViewController.xib in Resources */ = {isa = PBXBuildFile; fileRef = 053BA53B29324C7700DFAB3A /* HomeDetailViewController.xib */; };
		053BA54029326D8D00DFAB3A /* TestConstants.swift in Sources */ = {isa = PBXBuildFile; fileRef = 053BA53F29326D8D00DFAB3A /* TestConstants.swift */; };
		053BA54329326E0D00DFAB3A /* HomeCoordinatorMock.swift in Sources */ = {isa = PBXBuildFile; fileRef = 053BA54229326E0D00DFAB3A /* HomeCoordinatorMock.swift */; };
		053BA54529326E2300DFAB3A /* HomeInteractorMock.swift in Sources */ = {isa = PBXBuildFile; fileRef = 053BA54429326E2200DFAB3A /* HomeInteractorMock.swift */; };
		053BA54729326E3E00DFAB3A /* HomeServiceMock.swift in Sources */ = {isa = PBXBuildFile; fileRef = 053BA54629326E3E00DFAB3A /* HomeServiceMock.swift */; };
		053BA54929326E4B00DFAB3A /* HomePresenterMock.swift in Sources */ = {isa = PBXBuildFile; fileRef = 053BA54829326E4B00DFAB3A /* HomePresenterMock.swift */; };
		053BA54C29326E6400DFAB3A /* HomeViewControllerMock.swift in Sources */ = {isa = PBXBuildFile; fileRef = 053BA54B29326E6400DFAB3A /* HomeViewControllerMock.swift */; };
		053BA54F29326ECC00DFAB3A /* ServiceApiMock.swift in Sources */ = {isa = PBXBuildFile; fileRef = 053BA54E29326ECC00DFAB3A /* ServiceApiMock.swift */; };
		053BA55229326F0900DFAB3A /* PersonApiMock.swift in Sources */ = {isa = PBXBuildFile; fileRef = 053BA55129326F0900DFAB3A /* PersonApiMock.swift */; };
		053BA554293274F500DFAB3A /* ResponseApiMock.swift in Sources */ = {isa = PBXBuildFile; fileRef = 053BA553293274F500DFAB3A /* ResponseApiMock.swift */; };
		056DEAC82932992100CB6DC5 /* CacheManager.swift in Sources */ = {isa = PBXBuildFile; fileRef = 056DEAC72932992100CB6DC5 /* CacheManager.swift */; };
		056DEACA29329A0E00CB6DC5 /* StoreManager.swift in Sources */ = {isa = PBXBuildFile; fileRef = 056DEAC929329A0E00CB6DC5 /* StoreManager.swift */; };
		056DEACC29336E4700CB6DC5 /* ApiManager.swift in Sources */ = {isa = PBXBuildFile; fileRef = 056DEACB29336E4700CB6DC5 /* ApiManager.swift */; };
		056DEACE29336E6F00CB6DC5 /* CustomError.swift in Sources */ = {isa = PBXBuildFile; fileRef = 056DEACD29336E6F00CB6DC5 /* CustomError.swift */; };
		0585A4032930070200A0EDA2 /* AppDelegate.swift in Sources */ = {isa = PBXBuildFile; fileRef = 0585A4022930070200A0EDA2 /* AppDelegate.swift */; };
		0585A4052930070200A0EDA2 /* SceneDelegate.swift in Sources */ = {isa = PBXBuildFile; fileRef = 0585A4042930070200A0EDA2 /* SceneDelegate.swift */; };
		0585A4072930070200A0EDA2 /* ViewController.swift in Sources */ = {isa = PBXBuildFile; fileRef = 0585A4062930070200A0EDA2 /* ViewController.swift */; };
		0585A40A2930070200A0EDA2 /* Main.storyboard in Resources */ = {isa = PBXBuildFile; fileRef = 0585A4082930070200A0EDA2 /* Main.storyboard */; };
		0585A40C2930070300A0EDA2 /* Assets.xcassets in Resources */ = {isa = PBXBuildFile; fileRef = 0585A40B2930070300A0EDA2 /* Assets.xcassets */; };
		0585A40F2930070300A0EDA2 /* LaunchScreen.storyboard in Resources */ = {isa = PBXBuildFile; fileRef = 0585A40D2930070300A0EDA2 /* LaunchScreen.storyboard */; };
		0585A41A2930070300A0EDA2 /* pruebafinalTests.swift in Sources */ = {isa = PBXBuildFile; fileRef = 0585A4192930070300A0EDA2 /* pruebafinalTests.swift */; };
		0585A4242930070300A0EDA2 /* pruebafinalUITests.swift in Sources */ = {isa = PBXBuildFile; fileRef = 0585A4232930070300A0EDA2 /* pruebafinalUITests.swift */; };
		0585A4262930070300A0EDA2 /* pruebafinalUITestsLaunchTests.swift in Sources */ = {isa = PBXBuildFile; fileRef = 0585A4252930070300A0EDA2 /* pruebafinalUITestsLaunchTests.swift */; };
		0585A4432930104A00A0EDA2 /* HomeViewController.swift in Sources */ = {isa = PBXBuildFile; fileRef = 0585A4422930104A00A0EDA2 /* HomeViewController.swift */; };
		0585A4452930106100A0EDA2 /* HomeViewController.xib in Resources */ = {isa = PBXBuildFile; fileRef = 0585A4442930106100A0EDA2 /* HomeViewController.xib */; };
		0585A4472930107100A0EDA2 /* HomePresenter.swift in Sources */ = {isa = PBXBuildFile; fileRef = 0585A4462930107100A0EDA2 /* HomePresenter.swift */; };
		0585A4492930107E00A0EDA2 /* HomeInteractor.swift in Sources */ = {isa = PBXBuildFile; fileRef = 0585A4482930107E00A0EDA2 /* HomeInteractor.swift */; };
		0585A44B2930108A00A0EDA2 /* HomeCoordinator.swift in Sources */ = {isa = PBXBuildFile; fileRef = 0585A44A2930108A00A0EDA2 /* HomeCoordinator.swift */; };
		0585A44D293010A400A0EDA2 /* HomeContract.swift in Sources */ = {isa = PBXBuildFile; fileRef = 0585A44C293010A400A0EDA2 /* HomeContract.swift */; };
		0585A44F293010B400A0EDA2 /* HomeService.swift in Sources */ = {isa = PBXBuildFile; fileRef = 0585A44E293010B400A0EDA2 /* HomeService.swift */; };
		0585A451293014B100A0EDA2 /* CoordinatorProtocol.swift in Sources */ = {isa = PBXBuildFile; fileRef = 0585A450293014B100A0EDA2 /* CoordinatorProtocol.swift */; };
		0585A453293014BF00A0EDA2 /* AppCoordinator.swift in Sources */ = {isa = PBXBuildFile; fileRef = 0585A452293014BF00A0EDA2 /* AppCoordinator.swift */; };
/* End PBXBuildFile section */

/* Begin PBXContainerItemProxy section */
		0585A4162930070300A0EDA2 /* PBXContainerItemProxy */ = {
			isa = PBXContainerItemProxy;
			containerPortal = 0585A3F72930070200A0EDA2 /* Project object */;
			proxyType = 1;
			remoteGlobalIDString = 0585A3FE2930070200A0EDA2;
			remoteInfo = pruebafinal;
		};
		0585A4202930070300A0EDA2 /* PBXContainerItemProxy */ = {
			isa = PBXContainerItemProxy;
			containerPortal = 0585A3F72930070200A0EDA2 /* Project object */;
			proxyType = 1;
			remoteGlobalIDString = 0585A3FE2930070200A0EDA2;
			remoteInfo = pruebafinal;
		};
/* End PBXContainerItemProxy section */

/* Begin PBXFileReference section */
		053BA520293215B400DFAB3A /* PeopleProtocol.swift */ = {isa = PBXFileReference; lastKnownFileType = sourcecode.swift; path = PeopleProtocol.swift; sourceTree = "<group>"; };
		053BA5222932174300DFAB3A /* PersonApi.swift */ = {isa = PBXFileReference; lastKnownFileType = sourcecode.swift; path = PersonApi.swift; sourceTree = "<group>"; };
		053BA5242932190E00DFAB3A /* ResponseApi.swift */ = {isa = PBXFileReference; lastKnownFileType = sourcecode.swift; path = ResponseApi.swift; sourceTree = "<group>"; };
		053BA5262932194000DFAB3A /* ResponseProtocol.swift */ = {isa = PBXFileReference; lastKnownFileType = sourcecode.swift; path = ResponseProtocol.swift; sourceTree = "<group>"; };
		053BA52829321C2300DFAB3A /* ServiceApiProtocol.swift */ = {isa = PBXFileReference; lastKnownFileType = sourcecode.swift; path = ServiceApiProtocol.swift; sourceTree = "<group>"; };
		053BA52A29321C3800DFAB3A /* ServiceApi.swift */ = {isa = PBXFileReference; lastKnownFileType = sourcecode.swift; path = ServiceApi.swift; sourceTree = "<group>"; };
		053BA52C293226E800DFAB3A /* CustomCollectionCell.swift */ = {isa = PBXFileReference; lastKnownFileType = sourcecode.swift; path = CustomCollectionCell.swift; sourceTree = "<group>"; };
		053BA52E2932272A00DFAB3A /* CustomCollectionCell.xib */ = {isa = PBXFileReference; lastKnownFileType = file.xib; path = CustomCollectionCell.xib; sourceTree = "<group>"; };
		053BA5312932478B00DFAB3A /* HomeDetailContract.swift */ = {isa = PBXFileReference; lastKnownFileType = sourcecode.swift; path = HomeDetailContract.swift; sourceTree = "<group>"; };
		053BA533293247AB00DFAB3A /* HomeDetailPresenter.swift */ = {isa = PBXFileReference; lastKnownFileType = sourcecode.swift; path = HomeDetailPresenter.swift; sourceTree = "<group>"; };
		053BA535293247D700DFAB3A /* HomeDetailInteractor.swift */ = {isa = PBXFileReference; lastKnownFileType = sourcecode.swift; path = HomeDetailInteractor.swift; sourceTree = "<group>"; };
		053BA5392932483600DFAB3A /* HomeDetailVIiewController.swift */ = {isa = PBXFileReference; lastKnownFileType = sourcecode.swift; path = HomeDetailVIiewController.swift; sourceTree = "<group>"; };
		053BA53B29324C7700DFAB3A /* HomeDetailViewController.xib */ = {isa = PBXFileReference; lastKnownFileType = file.xib; path = HomeDetailViewController.xib; sourceTree = "<group>"; };
		053BA53F29326D8D00DFAB3A /* TestConstants.swift */ = {isa = PBXFileReference; lastKnownFileType = sourcecode.swift; path = TestConstants.swift; sourceTree = "<group>"; };
		053BA54229326E0D00DFAB3A /* HomeCoordinatorMock.swift */ = {isa = PBXFileReference; lastKnownFileType = sourcecode.swift; path = HomeCoordinatorMock.swift; sourceTree = "<group>"; };
		053BA54429326E2200DFAB3A /* HomeInteractorMock.swift */ = {isa = PBXFileReference; lastKnownFileType = sourcecode.swift; path = HomeInteractorMock.swift; sourceTree = "<group>"; };
		053BA54629326E3E00DFAB3A /* HomeServiceMock.swift */ = {isa = PBXFileReference; lastKnownFileType = sourcecode.swift; path = HomeServiceMock.swift; sourceTree = "<group>"; };
		053BA54829326E4B00DFAB3A /* HomePresenterMock.swift */ = {isa = PBXFileReference; lastKnownFileType = sourcecode.swift; path = HomePresenterMock.swift; sourceTree = "<group>"; };
		053BA54B29326E6400DFAB3A /* HomeViewControllerMock.swift */ = {isa = PBXFileReference; lastKnownFileType = sourcecode.swift; path = HomeViewControllerMock.swift; sourceTree = "<group>"; };
		053BA54E29326ECC00DFAB3A /* ServiceApiMock.swift */ = {isa = PBXFileReference; lastKnownFileType = sourcecode.swift; path = ServiceApiMock.swift; sourceTree = "<group>"; };
		053BA55129326F0900DFAB3A /* PersonApiMock.swift */ = {isa = PBXFileReference; lastKnownFileType = sourcecode.swift; path = PersonApiMock.swift; sourceTree = "<group>"; };
		053BA553293274F500DFAB3A /* ResponseApiMock.swift */ = {isa = PBXFileReference; lastKnownFileType = sourcecode.swift; path = ResponseApiMock.swift; sourceTree = "<group>"; };
		056DEAC72932992100CB6DC5 /* CacheManager.swift */ = {isa = PBXFileReference; lastKnownFileType = sourcecode.swift; path = CacheManager.swift; sourceTree = "<group>"; };
		056DEAC929329A0E00CB6DC5 /* StoreManager.swift */ = {isa = PBXFileReference; lastKnownFileType = sourcecode.swift; path = StoreManager.swift; sourceTree = "<group>"; };
		056DEACB29336E4700CB6DC5 /* ApiManager.swift */ = {isa = PBXFileReference; lastKnownFileType = sourcecode.swift; path = ApiManager.swift; sourceTree = "<group>"; };
		056DEACD29336E6F00CB6DC5 /* CustomError.swift */ = {isa = PBXFileReference; lastKnownFileType = sourcecode.swift; path = CustomError.swift; sourceTree = "<group>"; };
		0585A3FF2930070200A0EDA2 /* pruebafinal.app */ = {isa = PBXFileReference; explicitFileType = wrapper.application; includeInIndex = 0; path = pruebafinal.app; sourceTree = BUILT_PRODUCTS_DIR; };
		0585A4022930070200A0EDA2 /* AppDelegate.swift */ = {isa = PBXFileReference; lastKnownFileType = sourcecode.swift; path = AppDelegate.swift; sourceTree = "<group>"; };
		0585A4042930070200A0EDA2 /* SceneDelegate.swift */ = {isa = PBXFileReference; lastKnownFileType = sourcecode.swift; path = SceneDelegate.swift; sourceTree = "<group>"; };
		0585A4062930070200A0EDA2 /* ViewController.swift */ = {isa = PBXFileReference; lastKnownFileType = sourcecode.swift; path = ViewController.swift; sourceTree = "<group>"; };
		0585A4092930070200A0EDA2 /* Base */ = {isa = PBXFileReference; lastKnownFileType = file.storyboard; name = Base; path = Base.lproj/Main.storyboard; sourceTree = "<group>"; };
		0585A40B2930070300A0EDA2 /* Assets.xcassets */ = {isa = PBXFileReference; lastKnownFileType = folder.assetcatalog; path = Assets.xcassets; sourceTree = "<group>"; };
		0585A40E2930070300A0EDA2 /* Base */ = {isa = PBXFileReference; lastKnownFileType = file.storyboard; name = Base; path = Base.lproj/LaunchScreen.storyboard; sourceTree = "<group>"; };
		0585A4102930070300A0EDA2 /* Info.plist */ = {isa = PBXFileReference; lastKnownFileType = text.plist.xml; path = Info.plist; sourceTree = "<group>"; };
		0585A4152930070300A0EDA2 /* pruebafinalTests.xctest */ = {isa = PBXFileReference; explicitFileType = wrapper.cfbundle; includeInIndex = 0; path = pruebafinalTests.xctest; sourceTree = BUILT_PRODUCTS_DIR; };
		0585A4192930070300A0EDA2 /* pruebafinalTests.swift */ = {isa = PBXFileReference; lastKnownFileType = sourcecode.swift; path = pruebafinalTests.swift; sourceTree = "<group>"; };
		0585A41F2930070300A0EDA2 /* pruebafinalUITests.xctest */ = {isa = PBXFileReference; explicitFileType = wrapper.cfbundle; includeInIndex = 0; path = pruebafinalUITests.xctest; sourceTree = BUILT_PRODUCTS_DIR; };
		0585A4232930070300A0EDA2 /* pruebafinalUITests.swift */ = {isa = PBXFileReference; lastKnownFileType = sourcecode.swift; path = pruebafinalUITests.swift; sourceTree = "<group>"; };
		0585A4252930070300A0EDA2 /* pruebafinalUITestsLaunchTests.swift */ = {isa = PBXFileReference; lastKnownFileType = sourcecode.swift; path = pruebafinalUITestsLaunchTests.swift; sourceTree = "<group>"; };
		0585A4422930104A00A0EDA2 /* HomeViewController.swift */ = {isa = PBXFileReference; lastKnownFileType = sourcecode.swift; path = HomeViewController.swift; sourceTree = "<group>"; };
		0585A4442930106100A0EDA2 /* HomeViewController.xib */ = {isa = PBXFileReference; lastKnownFileType = file.xib; path = HomeViewController.xib; sourceTree = "<group>"; };
		0585A4462930107100A0EDA2 /* HomePresenter.swift */ = {isa = PBXFileReference; lastKnownFileType = sourcecode.swift; path = HomePresenter.swift; sourceTree = "<group>"; };
		0585A4482930107E00A0EDA2 /* HomeInteractor.swift */ = {isa = PBXFileReference; lastKnownFileType = sourcecode.swift; path = HomeInteractor.swift; sourceTree = "<group>"; };
		0585A44A2930108A00A0EDA2 /* HomeCoordinator.swift */ = {isa = PBXFileReference; lastKnownFileType = sourcecode.swift; path = HomeCoordinator.swift; sourceTree = "<group>"; };
		0585A44C293010A400A0EDA2 /* HomeContract.swift */ = {isa = PBXFileReference; lastKnownFileType = sourcecode.swift; path = HomeContract.swift; sourceTree = "<group>"; };
		0585A44E293010B400A0EDA2 /* HomeService.swift */ = {isa = PBXFileReference; lastKnownFileType = sourcecode.swift; path = HomeService.swift; sourceTree = "<group>"; };
		0585A450293014B100A0EDA2 /* CoordinatorProtocol.swift */ = {isa = PBXFileReference; lastKnownFileType = sourcecode.swift; path = CoordinatorProtocol.swift; sourceTree = "<group>"; };
		0585A452293014BF00A0EDA2 /* AppCoordinator.swift */ = {isa = PBXFileReference; lastKnownFileType = sourcecode.swift; path = AppCoordinator.swift; sourceTree = "<group>"; };
/* End PBXFileReference section */

/* Begin PBXFrameworksBuildPhase section */
		0585A3FC2930070200A0EDA2 /* Frameworks */ = {
			isa = PBXFrameworksBuildPhase;
			buildActionMask = 2147483647;
			files = (
			);
			runOnlyForDeploymentPostprocessing = 0;
		};
		0585A4122930070300A0EDA2 /* Frameworks */ = {
			isa = PBXFrameworksBuildPhase;
			buildActionMask = 2147483647;
			files = (
			);
			runOnlyForDeploymentPostprocessing = 0;
		};
		0585A41C2930070300A0EDA2 /* Frameworks */ = {
			isa = PBXFrameworksBuildPhase;
			buildActionMask = 2147483647;
			files = (
			);
			runOnlyForDeploymentPostprocessing = 0;
		};
/* End PBXFrameworksBuildPhase section */

/* Begin PBXGroup section */
		053BA5302932472400DFAB3A /* HomeDetail */ = {
			isa = PBXGroup;
			children = (
				053BA5312932478B00DFAB3A /* HomeDetailContract.swift */,
				053BA533293247AB00DFAB3A /* HomeDetailPresenter.swift */,
				053BA535293247D700DFAB3A /* HomeDetailInteractor.swift */,
				053BA5392932483600DFAB3A /* HomeDetailVIiewController.swift */,
				053BA53B29324C7700DFAB3A /* HomeDetailViewController.xib */,
			);
			path = HomeDetail;
			sourceTree = "<group>";
		};
		053BA53D29326D6900DFAB3A /* Screens */ = {
			isa = PBXGroup;
			children = (
				053BA53E29326D7600DFAB3A /* Home */,
			);
			path = Screens;
			sourceTree = "<group>";
		};
		053BA53E29326D7600DFAB3A /* Home */ = {
			isa = PBXGroup;
			children = (
				053BA54129326DF200DFAB3A /* HomeMocks */,
			);
			path = Home;
			sourceTree = "<group>";
		};
		053BA54129326DF200DFAB3A /* HomeMocks */ = {
			isa = PBXGroup;
			children = (
				053BA54229326E0D00DFAB3A /* HomeCoordinatorMock.swift */,
				053BA54629326E3E00DFAB3A /* HomeServiceMock.swift */,
				053BA54429326E2200DFAB3A /* HomeInteractorMock.swift */,
				053BA54829326E4B00DFAB3A /* HomePresenterMock.swift */,
				053BA54B29326E6400DFAB3A /* HomeViewControllerMock.swift */,
			);
			path = HomeMocks;
			sourceTree = "<group>";
		};
		053BA54D29326EAA00DFAB3A /* Api */ = {
			isa = PBXGroup;
			children = (
				053BA54E29326ECC00DFAB3A /* ServiceApiMock.swift */,
			);
			path = Api;
			sourceTree = "<group>";
		};
		053BA55029326EDD00DFAB3A /* Model */ = {
			isa = PBXGroup;
			children = (
				053BA55129326F0900DFAB3A /* PersonApiMock.swift */,
				053BA553293274F500DFAB3A /* ResponseApiMock.swift */,
			);
			path = Model;
			sourceTree = "<group>";
		};
		0585A3F62930070200A0EDA2 = {
			isa = PBXGroup;
			children = (
				0585A4012930070200A0EDA2 /* pruebafinal */,
				0585A4182930070300A0EDA2 /* pruebafinalTests */,
				0585A4222930070300A0EDA2 /* pruebafinalUITests */,
				0585A4002930070200A0EDA2 /* Products */,
			);
			sourceTree = "<group>";
		};
		0585A4002930070200A0EDA2 /* Products */ = {
			isa = PBXGroup;
			children = (
				0585A3FF2930070200A0EDA2 /* pruebafinal.app */,
				0585A4152930070300A0EDA2 /* pruebafinalTests.xctest */,
				0585A41F2930070300A0EDA2 /* pruebafinalUITests.xctest */,
			);
			name = Products;
			sourceTree = "<group>";
		};
		0585A4012930070200A0EDA2 /* pruebafinal */ = {
			isa = PBXGroup;
			children = (
				0585A4342930092B00A0EDA2 /* Assets */,
				0585A4322930091600A0EDA2 /* Classes */,
				0585A4062930070200A0EDA2 /* ViewController.swift */,
				0585A4082930070200A0EDA2 /* Main.storyboard */,
				0585A40B2930070300A0EDA2 /* Assets.xcassets */,
				0585A40D2930070300A0EDA2 /* LaunchScreen.storyboard */,
				0585A4102930070300A0EDA2 /* Info.plist */,
			);
			path = pruebafinal;
			sourceTree = "<group>";
		};
		0585A4182930070300A0EDA2 /* pruebafinalTests */ = {
			isa = PBXGroup;
			children = (
				053BA53F29326D8D00DFAB3A /* TestConstants.swift */,
				053BA54D29326EAA00DFAB3A /* Api */,
				053BA55029326EDD00DFAB3A /* Model */,
				053BA53D29326D6900DFAB3A /* Screens */,
				0585A4192930070300A0EDA2 /* pruebafinalTests.swift */,
			);
			path = pruebafinalTests;
			sourceTree = "<group>";
		};
		0585A4222930070300A0EDA2 /* pruebafinalUITests */ = {
			isa = PBXGroup;
			children = (
				0585A4232930070300A0EDA2 /* pruebafinalUITests.swift */,
				0585A4252930070300A0EDA2 /* pruebafinalUITestsLaunchTests.swift */,
			);
			path = pruebafinalUITests;
			sourceTree = "<group>";
		};
		0585A4322930091600A0EDA2 /* Classes */ = {
			isa = PBXGroup;
			children = (
				0585A43C29300E5900A0EDA2 /* Api */,
				0585A43B29300E4F00A0EDA2 /* Model */,
				0585A43A29300E4400A0EDA2 /* Screens */,
				0585A43829300E2400A0EDA2 /* Bases */,
				0585A43729300E1900A0EDA2 /* App */,
			);
			path = Classes;
			sourceTree = "<group>";
		};
		0585A4342930092B00A0EDA2 /* Assets */ = {
			isa = PBXGroup;
			children = (
			);
			path = Assets;
			sourceTree = "<group>";
		};
		0585A43729300E1900A0EDA2 /* App */ = {
			isa = PBXGroup;
			children = (
				0585A4042930070200A0EDA2 /* SceneDelegate.swift */,
				0585A4022930070200A0EDA2 /* AppDelegate.swift */,
				0585A43E29300E9A00A0EDA2 /* Coordiantor */,
			);
			name = App;
			sourceTree = "<group>";
		};
		0585A43829300E2400A0EDA2 /* Bases */ = {
			isa = PBXGroup;
			children = (
				056DEAC72932992100CB6DC5 /* CacheManager.swift */,
				056DEAC929329A0E00CB6DC5 /* StoreManager.swift */,
				056DEACB29336E4700CB6DC5 /* ApiManager.swift */,
				056DEACD29336E6F00CB6DC5 /* CustomError.swift */,
			);
			name = Bases;
			sourceTree = "<group>";
		};
		0585A43A29300E4400A0EDA2 /* Screens */ = {
			isa = PBXGroup;
			children = (
				0585A4412930102D00A0EDA2 /* Home */,
			);
			name = Screens;
			sourceTree = "<group>";
		};
		0585A43B29300E4F00A0EDA2 /* Model */ = {
			isa = PBXGroup;
			children = (
				0585A44029300EBD00A0EDA2 /* ModelProtocol */,
				0585A43F29300EB400A0EDA2 /* ModelAPI */,
			);
			name = Model;
			sourceTree = "<group>";
		};
		0585A43C29300E5900A0EDA2 /* Api */ = {
			isa = PBXGroup;
			children = (
				0585A43D29300E8600A0EDA2 /* Service */,
			);
			name = Api;
			sourceTree = "<group>";
		};
		0585A43D29300E8600A0EDA2 /* Service */ = {
			isa = PBXGroup;
			children = (
				053BA52829321C2300DFAB3A /* ServiceApiProtocol.swift */,
				053BA52A29321C3800DFAB3A /* ServiceApi.swift */,
			);
			name = Service;
			sourceTree = "<group>";
		};
		0585A43E29300E9A00A0EDA2 /* Coordiantor */ = {
			isa = PBXGroup;
			children = (
				0585A450293014B100A0EDA2 /* CoordinatorProtocol.swift */,
				0585A452293014BF00A0EDA2 /* AppCoordinator.swift */,
			);
			name = Coordiantor;
			sourceTree = "<group>";
		};
		0585A43F29300EB400A0EDA2 /* ModelAPI */ = {
			isa = PBXGroup;
			children = (
				053BA5222932174300DFAB3A /* PersonApi.swift */,
				053BA5242932190E00DFAB3A /* ResponseApi.swift */,
			);
			name = ModelAPI;
			sourceTree = "<group>";
		};
		0585A44029300EBD00A0EDA2 /* ModelProtocol */ = {
			isa = PBXGroup;
			children = (
				053BA520293215B400DFAB3A /* PeopleProtocol.swift */,
				053BA5262932194000DFAB3A /* ResponseProtocol.swift */,
			);
			name = ModelProtocol;
			sourceTree = "<group>";
		};
		0585A4412930102D00A0EDA2 /* Home */ = {
			isa = PBXGroup;
			children = (
				053BA5302932472400DFAB3A /* HomeDetail */,
				0585A4422930104A00A0EDA2 /* HomeViewController.swift */,
				0585A4442930106100A0EDA2 /* HomeViewController.xib */,
				0585A4462930107100A0EDA2 /* HomePresenter.swift */,
				0585A4482930107E00A0EDA2 /* HomeInteractor.swift */,
				0585A44C293010A400A0EDA2 /* HomeContract.swift */,
				0585A44A2930108A00A0EDA2 /* HomeCoordinator.swift */,
				0585A44E293010B400A0EDA2 /* HomeService.swift */,
				053BA52C293226E800DFAB3A /* CustomCollectionCell.swift */,
				053BA52E2932272A00DFAB3A /* CustomCollectionCell.xib */,
			);
			name = Home;
			sourceTree = "<group>";
		};
/* End PBXGroup section */

/* Begin PBXNativeTarget section */
		0585A3FE2930070200A0EDA2 /* pruebafinal */ = {
			isa = PBXNativeTarget;
			buildConfigurationList = 0585A4292930070300A0EDA2 /* Build configuration list for PBXNativeTarget "pruebafinal" */;
			buildPhases = (
				0585A3FB2930070200A0EDA2 /* Sources */,
				0585A3FC2930070200A0EDA2 /* Frameworks */,
				0585A3FD2930070200A0EDA2 /* Resources */,
			);
			buildRules = (
			);
			dependencies = (
			);
			name = pruebafinal;
			productName = pruebafinal;
			productReference = 0585A3FF2930070200A0EDA2 /* pruebafinal.app */;
			productType = "com.apple.product-type.application";
		};
		0585A4142930070300A0EDA2 /* pruebafinalTests */ = {
			isa = PBXNativeTarget;
			buildConfigurationList = 0585A42C2930070300A0EDA2 /* Build configuration list for PBXNativeTarget "pruebafinalTests" */;
			buildPhases = (
				0585A4112930070300A0EDA2 /* Sources */,
				0585A4122930070300A0EDA2 /* Frameworks */,
				0585A4132930070300A0EDA2 /* Resources */,
			);
			buildRules = (
			);
			dependencies = (
				0585A4172930070300A0EDA2 /* PBXTargetDependency */,
			);
			name = pruebafinalTests;
			productName = pruebafinalTests;
			productReference = 0585A4152930070300A0EDA2 /* pruebafinalTests.xctest */;
			productType = "com.apple.product-type.bundle.unit-test";
		};
		0585A41E2930070300A0EDA2 /* pruebafinalUITests */ = {
			isa = PBXNativeTarget;
			buildConfigurationList = 0585A42F2930070300A0EDA2 /* Build configuration list for PBXNativeTarget "pruebafinalUITests" */;
			buildPhases = (
				0585A41B2930070300A0EDA2 /* Sources */,
				0585A41C2930070300A0EDA2 /* Frameworks */,
				0585A41D2930070300A0EDA2 /* Resources */,
			);
			buildRules = (
			);
			dependencies = (
				0585A4212930070300A0EDA2 /* PBXTargetDependency */,
			);
			name = pruebafinalUITests;
			productName = pruebafinalUITests;
			productReference = 0585A41F2930070300A0EDA2 /* pruebafinalUITests.xctest */;
			productType = "com.apple.product-type.bundle.ui-testing";
		};
/* End PBXNativeTarget section */

/* Begin PBXProject section */
		0585A3F72930070200A0EDA2 /* Project object */ = {
			isa = PBXProject;
			attributes = {
				BuildIndependentTargetsInParallel = 1;
				LastSwiftUpdateCheck = 1410;
				LastUpgradeCheck = 1410;
				TargetAttributes = {
					0585A3FE2930070200A0EDA2 = {
						CreatedOnToolsVersion = 14.1;
					};
					0585A4142930070300A0EDA2 = {
						CreatedOnToolsVersion = 14.1;
						TestTargetID = 0585A3FE2930070200A0EDA2;
					};
					0585A41E2930070300A0EDA2 = {
						CreatedOnToolsVersion = 14.1;
						TestTargetID = 0585A3FE2930070200A0EDA2;
					};
				};
			};
			buildConfigurationList = 0585A3FA2930070200A0EDA2 /* Build configuration list for PBXProject "pruebafinal" */;
			compatibilityVersion = "Xcode 14.0";
			developmentRegion = en;
			hasScannedForEncodings = 0;
			knownRegions = (
				en,
				Base,
			);
			mainGroup = 0585A3F62930070200A0EDA2;
			productRefGroup = 0585A4002930070200A0EDA2 /* Products */;
			projectDirPath = "";
			projectRoot = "";
			targets = (
				0585A3FE2930070200A0EDA2 /* pruebafinal */,
				0585A4142930070300A0EDA2 /* pruebafinalTests */,
				0585A41E2930070300A0EDA2 /* pruebafinalUITests */,
			);
		};
/* End PBXProject section */

/* Begin PBXResourcesBuildPhase section */
		0585A3FD2930070200A0EDA2 /* Resources */ = {
			isa = PBXResourcesBuildPhase;
			buildActionMask = 2147483647;
			files = (
				0585A40F2930070300A0EDA2 /* LaunchScreen.storyboard in Resources */,
				0585A40C2930070300A0EDA2 /* Assets.xcassets in Resources */,
				0585A40A2930070200A0EDA2 /* Main.storyboard in Resources */,
				053BA52F2932272A00DFAB3A /* CustomCollectionCell.xib in Resources */,
				053BA53C29324C7700DFAB3A /* HomeDetailViewController.xib in Resources */,
				0585A4452930106100A0EDA2 /* HomeViewController.xib in Resources */,
			);
			runOnlyForDeploymentPostprocessing = 0;
		};
		0585A4132930070300A0EDA2 /* Resources */ = {
			isa = PBXResourcesBuildPhase;
			buildActionMask = 2147483647;
			files = (
			);
			runOnlyForDeploymentPostprocessing = 0;
		};
		0585A41D2930070300A0EDA2 /* Resources */ = {
			isa = PBXResourcesBuildPhase;
			buildActionMask = 2147483647;
			files = (
			);
			runOnlyForDeploymentPostprocessing = 0;
		};
/* End PBXResourcesBuildPhase section */

/* Begin PBXSourcesBuildPhase section */
		0585A3FB2930070200A0EDA2 /* Sources */ = {
			isa = PBXSourcesBuildPhase;
			buildActionMask = 2147483647;
			files = (
				053BA534293247AB00DFAB3A /* HomeDetailPresenter.swift in Sources */,
				053BA52929321C2300DFAB3A /* ServiceApiProtocol.swift in Sources */,
				053BA52B29321C3800DFAB3A /* ServiceApi.swift in Sources */,
				0585A453293014BF00A0EDA2 /* AppCoordinator.swift in Sources */,
				0585A4072930070200A0EDA2 /* ViewController.swift in Sources */,
				0585A4032930070200A0EDA2 /* AppDelegate.swift in Sources */,
				056DEAC82932992100CB6DC5 /* CacheManager.swift in Sources */,
				0585A451293014B100A0EDA2 /* CoordinatorProtocol.swift in Sources */,
				053BA53A2932483600DFAB3A /* HomeDetailVIiewController.swift in Sources */,
				0585A4052930070200A0EDA2 /* SceneDelegate.swift in Sources */,
				0585A4492930107E00A0EDA2 /* HomeInteractor.swift in Sources */,
				053BA536293247D700DFAB3A /* HomeDetailInteractor.swift in Sources */,
				056DEACC29336E4700CB6DC5 /* ApiManager.swift in Sources */,
				053BA52D293226E800DFAB3A /* CustomCollectionCell.swift in Sources */,
				053BA5272932194000DFAB3A /* ResponseProtocol.swift in Sources */,
				056DEACE29336E6F00CB6DC5 /* CustomError.swift in Sources */,
				0585A44D293010A400A0EDA2 /* HomeContract.swift in Sources */,
				053BA5322932478B00DFAB3A /* HomeDetailContract.swift in Sources */,
				053BA5252932190E00DFAB3A /* ResponseApi.swift in Sources */,
				0585A4472930107100A0EDA2 /* HomePresenter.swift in Sources */,
				053BA5232932174300DFAB3A /* PersonApi.swift in Sources */,
				0585A44F293010B400A0EDA2 /* HomeService.swift in Sources */,
				0585A44B2930108A00A0EDA2 /* HomeCoordinator.swift in Sources */,
				056DEACA29329A0E00CB6DC5 /* StoreManager.swift in Sources */,
				053BA521293215B400DFAB3A /* PeopleProtocol.swift in Sources */,
				0585A4432930104A00A0EDA2 /* HomeViewController.swift in Sources */,
			);
			runOnlyForDeploymentPostprocessing = 0;
		};
		0585A4112930070300A0EDA2 /* Sources */ = {
			isa = PBXSourcesBuildPhase;
			buildActionMask = 2147483647;
			files = (
				0585A41A2930070300A0EDA2 /* pruebafinalTests.swift in Sources */,
				053BA54C29326E6400DFAB3A /* HomeViewControllerMock.swift in Sources */,
				053BA54529326E2300DFAB3A /* HomeInteractorMock.swift in Sources */,
				053BA554293274F500DFAB3A /* ResponseApiMock.swift in Sources */,
				053BA54729326E3E00DFAB3A /* HomeServiceMock.swift in Sources */,
				053BA54929326E4B00DFAB3A /* HomePresenterMock.swift in Sources */,
				053BA54329326E0D00DFAB3A /* HomeCoordinatorMock.swift in Sources */,
				053BA54F29326ECC00DFAB3A /* ServiceApiMock.swift in Sources */,
				053BA54029326D8D00DFAB3A /* TestConstants.swift in Sources */,
				053BA55229326F0900DFAB3A /* PersonApiMock.swift in Sources */,
			);
			runOnlyForDeploymentPostprocessing = 0;
		};
		0585A41B2930070300A0EDA2 /* Sources */ = {
			isa = PBXSourcesBuildPhase;
			buildActionMask = 2147483647;
			files = (
				0585A4262930070300A0EDA2 /* pruebafinalUITestsLaunchTests.swift in Sources */,
				0585A4242930070300A0EDA2 /* pruebafinalUITests.swift in Sources */,
			);
			runOnlyForDeploymentPostprocessing = 0;
		};
/* End PBXSourcesBuildPhase section */

/* Begin PBXTargetDependency section */
		0585A4172930070300A0EDA2 /* PBXTargetDependency */ = {
			isa = PBXTargetDependency;
			target = 0585A3FE2930070200A0EDA2 /* pruebafinal */;
			targetProxy = 0585A4162930070300A0EDA2 /* PBXContainerItemProxy */;
		};
		0585A4212930070300A0EDA2 /* PBXTargetDependency */ = {
			isa = PBXTargetDependency;
			target = 0585A3FE2930070200A0EDA2 /* pruebafinal */;
			targetProxy = 0585A4202930070300A0EDA2 /* PBXContainerItemProxy */;
		};
/* End PBXTargetDependency section */

/* Begin PBXVariantGroup section */
		0585A4082930070200A0EDA2 /* Main.storyboard */ = {
			isa = PBXVariantGroup;
			children = (
				0585A4092930070200A0EDA2 /* Base */,
			);
			name = Main.storyboard;
			sourceTree = "<group>";
		};
		0585A40D2930070300A0EDA2 /* LaunchScreen.storyboard */ = {
			isa = PBXVariantGroup;
			children = (
				0585A40E2930070300A0EDA2 /* Base */,
			);
			name = LaunchScreen.storyboard;
			sourceTree = "<group>";
		};
/* End PBXVariantGroup section */

/* Begin XCBuildConfiguration section */
		0585A4272930070300A0EDA2 /* Debug */ = {
			isa = XCBuildConfiguration;
			buildSettings = {
				ALWAYS_SEARCH_USER_PATHS = NO;
				CLANG_ANALYZER_NONNULL = YES;
				CLANG_ANALYZER_NUMBER_OBJECT_CONVERSION = YES_AGGRESSIVE;
				CLANG_CXX_LANGUAGE_STANDARD = "gnu++20";
				CLANG_ENABLE_MODULES = YES;
				CLANG_ENABLE_OBJC_ARC = YES;
				CLANG_ENABLE_OBJC_WEAK = YES;
				CLANG_WARN_BLOCK_CAPTURE_AUTORELEASING = YES;
				CLANG_WARN_BOOL_CONVERSION = YES;
				CLANG_WARN_COMMA = YES;
				CLANG_WARN_CONSTANT_CONVERSION = YES;
				CLANG_WARN_DEPRECATED_OBJC_IMPLEMENTATIONS = YES;
				CLANG_WARN_DIRECT_OBJC_ISA_USAGE = YES_ERROR;
				CLANG_WARN_DOCUMENTATION_COMMENTS = YES;
				CLANG_WARN_EMPTY_BODY = YES;
				CLANG_WARN_ENUM_CONVERSION = YES;
				CLANG_WARN_INFINITE_RECURSION = YES;
				CLANG_WARN_INT_CONVERSION = YES;
				CLANG_WARN_NON_LITERAL_NULL_CONVERSION = YES;
				CLANG_WARN_OBJC_IMPLICIT_RETAIN_SELF = YES;
				CLANG_WARN_OBJC_LITERAL_CONVERSION = YES;
				CLANG_WARN_OBJC_ROOT_CLASS = YES_ERROR;
				CLANG_WARN_QUOTED_INCLUDE_IN_FRAMEWORK_HEADER = YES;
				CLANG_WARN_RANGE_LOOP_ANALYSIS = YES;
				CLANG_WARN_STRICT_PROTOTYPES = YES;
				CLANG_WARN_SUSPICIOUS_MOVE = YES;
				CLANG_WARN_UNGUARDED_AVAILABILITY = YES_AGGRESSIVE;
				CLANG_WARN_UNREACHABLE_CODE = YES;
				CLANG_WARN__DUPLICATE_METHOD_MATCH = YES;
				COPY_PHASE_STRIP = NO;
				DEBUG_INFORMATION_FORMAT = dwarf;
				ENABLE_STRICT_OBJC_MSGSEND = YES;
				ENABLE_TESTABILITY = YES;
				GCC_C_LANGUAGE_STANDARD = gnu11;
				GCC_DYNAMIC_NO_PIC = NO;
				GCC_NO_COMMON_BLOCKS = YES;
				GCC_OPTIMIZATION_LEVEL = 0;
				GCC_PREPROCESSOR_DEFINITIONS = (
					"DEBUG=1",
					"$(inherited)",
				);
				GCC_WARN_64_TO_32_BIT_CONVERSION = YES;
				GCC_WARN_ABOUT_RETURN_TYPE = YES_ERROR;
				GCC_WARN_UNDECLARED_SELECTOR = YES;
				GCC_WARN_UNINITIALIZED_AUTOS = YES_AGGRESSIVE;
				GCC_WARN_UNUSED_FUNCTION = YES;
				GCC_WARN_UNUSED_VARIABLE = YES;
				IPHONEOS_DEPLOYMENT_TARGET = 16.1;
				MTL_ENABLE_DEBUG_INFO = INCLUDE_SOURCE;
				MTL_FAST_MATH = YES;
				ONLY_ACTIVE_ARCH = YES;
				SDKROOT = iphoneos;
				SWIFT_ACTIVE_COMPILATION_CONDITIONS = DEBUG;
				SWIFT_OPTIMIZATION_LEVEL = "-Onone";
			};
			name = Debug;
		};
		0585A4282930070300A0EDA2 /* Release */ = {
			isa = XCBuildConfiguration;
			buildSettings = {
				ALWAYS_SEARCH_USER_PATHS = NO;
				CLANG_ANALYZER_NONNULL = YES;
				CLANG_ANALYZER_NUMBER_OBJECT_CONVERSION = YES_AGGRESSIVE;
				CLANG_CXX_LANGUAGE_STANDARD = "gnu++20";
				CLANG_ENABLE_MODULES = YES;
				CLANG_ENABLE_OBJC_ARC = YES;
				CLANG_ENABLE_OBJC_WEAK = YES;
				CLANG_WARN_BLOCK_CAPTURE_AUTORELEASING = YES;
				CLANG_WARN_BOOL_CONVERSION = YES;
				CLANG_WARN_COMMA = YES;
				CLANG_WARN_CONSTANT_CONVERSION = YES;
				CLANG_WARN_DEPRECATED_OBJC_IMPLEMENTATIONS = YES;
				CLANG_WARN_DIRECT_OBJC_ISA_USAGE = YES_ERROR;
				CLANG_WARN_DOCUMENTATION_COMMENTS = YES;
				CLANG_WARN_EMPTY_BODY = YES;
				CLANG_WARN_ENUM_CONVERSION = YES;
				CLANG_WARN_INFINITE_RECURSION = YES;
				CLANG_WARN_INT_CONVERSION = YES;
				CLANG_WARN_NON_LITERAL_NULL_CONVERSION = YES;
				CLANG_WARN_OBJC_IMPLICIT_RETAIN_SELF = YES;
				CLANG_WARN_OBJC_LITERAL_CONVERSION = YES;
				CLANG_WARN_OBJC_ROOT_CLASS = YES_ERROR;
				CLANG_WARN_QUOTED_INCLUDE_IN_FRAMEWORK_HEADER = YES;
				CLANG_WARN_RANGE_LOOP_ANALYSIS = YES;
				CLANG_WARN_STRICT_PROTOTYPES = YES;
				CLANG_WARN_SUSPICIOUS_MOVE = YES;
				CLANG_WARN_UNGUARDED_AVAILABILITY = YES_AGGRESSIVE;
				CLANG_WARN_UNREACHABLE_CODE = YES;
				CLANG_WARN__DUPLICATE_METHOD_MATCH = YES;
				COPY_PHASE_STRIP = NO;
				DEBUG_INFORMATION_FORMAT = "dwarf-with-dsym";
				ENABLE_NS_ASSERTIONS = NO;
				ENABLE_STRICT_OBJC_MSGSEND = YES;
				GCC_C_LANGUAGE_STANDARD = gnu11;
				GCC_NO_COMMON_BLOCKS = YES;
				GCC_WARN_64_TO_32_BIT_CONVERSION = YES;
				GCC_WARN_ABOUT_RETURN_TYPE = YES_ERROR;
				GCC_WARN_UNDECLARED_SELECTOR = YES;
				GCC_WARN_UNINITIALIZED_AUTOS = YES_AGGRESSIVE;
				GCC_WARN_UNUSED_FUNCTION = YES;
				GCC_WARN_UNUSED_VARIABLE = YES;
				IPHONEOS_DEPLOYMENT_TARGET = 16.1;
				MTL_ENABLE_DEBUG_INFO = NO;
				MTL_FAST_MATH = YES;
				SDKROOT = iphoneos;
				SWIFT_COMPILATION_MODE = wholemodule;
				SWIFT_OPTIMIZATION_LEVEL = "-O";
				VALIDATE_PRODUCT = YES;
			};
			name = Release;
		};
		0585A42A2930070300A0EDA2 /* Debug */ = {
			isa = XCBuildConfiguration;
			buildSettings = {
				ASSETCATALOG_COMPILER_APPICON_NAME = AppIcon;
				ASSETCATALOG_COMPILER_GLOBAL_ACCENT_COLOR_NAME = AccentColor;
				CODE_SIGN_STYLE = Automatic;
				CURRENT_PROJECT_VERSION = 1;
				GENERATE_INFOPLIST_FILE = YES;
				INFOPLIST_FILE = pruebafinal/Info.plist;
				INFOPLIST_KEY_UIApplicationSupportsIndirectInputEvents = YES;
				INFOPLIST_KEY_UILaunchStoryboardName = LaunchScreen;
				INFOPLIST_KEY_UIMainStoryboardFile = "";
				INFOPLIST_KEY_UISupportedInterfaceOrientations_iPad = "UIInterfaceOrientationPortrait UIInterfaceOrientationPortraitUpsideDown UIInterfaceOrientationLandscapeLeft UIInterfaceOrientationLandscapeRight";
				INFOPLIST_KEY_UISupportedInterfaceOrientations_iPhone = "UIInterfaceOrientationPortrait UIInterfaceOrientationLandscapeLeft UIInterfaceOrientationLandscapeRight";
				LD_RUNPATH_SEARCH_PATHS = (
					"$(inherited)",
					"@executable_path/Frameworks",
				);
				MARKETING_VERSION = 1.0;
				PRODUCT_BUNDLE_IDENTIFIER = yo.pruebafinal;
				PRODUCT_NAME = "$(TARGET_NAME)";
				SWIFT_EMIT_LOC_STRINGS = YES;
				SWIFT_VERSION = 5.0;
				TARGETED_DEVICE_FAMILY = "1,2";
			};
			name = Debug;
		};
		0585A42B2930070300A0EDA2 /* Release */ = {
			isa = XCBuildConfiguration;
			buildSettings = {
				ASSETCATALOG_COMPILER_APPICON_NAME = AppIcon;
				ASSETCATALOG_COMPILER_GLOBAL_ACCENT_COLOR_NAME = AccentColor;
				CODE_SIGN_STYLE = Automatic;
				CURRENT_PROJECT_VERSION = 1;
				GENERATE_INFOPLIST_FILE = YES;
				INFOPLIST_FILE = pruebafinal/Info.plist;
				INFOPLIST_KEY_UIApplicationSupportsIndirectInputEvents = YES;
				INFOPLIST_KEY_UILaunchStoryboardName = LaunchScreen;
				INFOPLIST_KEY_UIMainStoryboardFile = "";
				INFOPLIST_KEY_UISupportedInterfaceOrientations_iPad = "UIInterfaceOrientationPortrait UIInterfaceOrientationPortraitUpsideDown UIInterfaceOrientationLandscapeLeft UIInterfaceOrientationLandscapeRight";
				INFOPLIST_KEY_UISupportedInterfaceOrientations_iPhone = "UIInterfaceOrientationPortrait UIInterfaceOrientationLandscapeLeft UIInterfaceOrientationLandscapeRight";
				LD_RUNPATH_SEARCH_PATHS = (
					"$(inherited)",
					"@executable_path/Frameworks",
				);
				MARKETING_VERSION = 1.0;
				PRODUCT_BUNDLE_IDENTIFIER = yo.pruebafinal;
				PRODUCT_NAME = "$(TARGET_NAME)";
				SWIFT_EMIT_LOC_STRINGS = YES;
				SWIFT_VERSION = 5.0;
				TARGETED_DEVICE_FAMILY = "1,2";
			};
			name = Release;
		};
		0585A42D2930070300A0EDA2 /* Debug */ = {
			isa = XCBuildConfiguration;
			buildSettings = {
				ALWAYS_EMBED_SWIFT_STANDARD_LIBRARIES = YES;
				BUNDLE_LOADER = "$(TEST_HOST)";
				CODE_SIGN_STYLE = Automatic;
				CURRENT_PROJECT_VERSION = 1;
				GENERATE_INFOPLIST_FILE = YES;
				IPHONEOS_DEPLOYMENT_TARGET = 16.1;
				MARKETING_VERSION = 1.0;
				PRODUCT_BUNDLE_IDENTIFIER = yo.pruebafinalTests;
				PRODUCT_NAME = "$(TARGET_NAME)";
				SWIFT_EMIT_LOC_STRINGS = NO;
				SWIFT_VERSION = 5.0;
				TARGETED_DEVICE_FAMILY = "1,2";
				TEST_HOST = "$(BUILT_PRODUCTS_DIR)/pruebafinal.app/$(BUNDLE_EXECUTABLE_FOLDER_PATH)/pruebafinal";
			};
			name = Debug;
		};
		0585A42E2930070300A0EDA2 /* Release */ = {
			isa = XCBuildConfiguration;
			buildSettings = {
				ALWAYS_EMBED_SWIFT_STANDARD_LIBRARIES = YES;
				BUNDLE_LOADER = "$(TEST_HOST)";
				CODE_SIGN_STYLE = Automatic;
				CURRENT_PROJECT_VERSION = 1;
				GENERATE_INFOPLIST_FILE = YES;
				IPHONEOS_DEPLOYMENT_TARGET = 16.1;
				MARKETING_VERSION = 1.0;
				PRODUCT_BUNDLE_IDENTIFIER = yo.pruebafinalTests;
				PRODUCT_NAME = "$(TARGET_NAME)";
				SWIFT_EMIT_LOC_STRINGS = NO;
				SWIFT_VERSION = 5.0;
				TARGETED_DEVICE_FAMILY = "1,2";
				TEST_HOST = "$(BUILT_PRODUCTS_DIR)/pruebafinal.app/$(BUNDLE_EXECUTABLE_FOLDER_PATH)/pruebafinal";
			};
			name = Release;
		};
		0585A4302930070300A0EDA2 /* Debug */ = {
			isa = XCBuildConfiguration;
			buildSettings = {
				ALWAYS_EMBED_SWIFT_STANDARD_LIBRARIES = YES;
				CODE_SIGN_STYLE = Automatic;
				CURRENT_PROJECT_VERSION = 1;
				GENERATE_INFOPLIST_FILE = YES;
				MARKETING_VERSION = 1.0;
				PRODUCT_BUNDLE_IDENTIFIER = yo.pruebafinalUITests;
				PRODUCT_NAME = "$(TARGET_NAME)";
				SWIFT_EMIT_LOC_STRINGS = NO;
				SWIFT_VERSION = 5.0;
				TARGETED_DEVICE_FAMILY = "1,2";
				TEST_TARGET_NAME = pruebafinal;
			};
			name = Debug;
		};
		0585A4312930070300A0EDA2 /* Release */ = {
			isa = XCBuildConfiguration;
			buildSettings = {
				ALWAYS_EMBED_SWIFT_STANDARD_LIBRARIES = YES;
				CODE_SIGN_STYLE = Automatic;
				CURRENT_PROJECT_VERSION = 1;
				GENERATE_INFOPLIST_FILE = YES;
				MARKETING_VERSION = 1.0;
				PRODUCT_BUNDLE_IDENTIFIER = yo.pruebafinalUITests;
				PRODUCT_NAME = "$(TARGET_NAME)";
				SWIFT_EMIT_LOC_STRINGS = NO;
				SWIFT_VERSION = 5.0;
				TARGETED_DEVICE_FAMILY = "1,2";
				TEST_TARGET_NAME = pruebafinal;
			};
			name = Release;
		};
/* End XCBuildConfiguration section */

/* Begin XCConfigurationList section */
		0585A3FA2930070200A0EDA2 /* Build configuration list for PBXProject "pruebafinal" */ = {
			isa = XCConfigurationList;
			buildConfigurations = (
				0585A4272930070300A0EDA2 /* Debug */,
				0585A4282930070300A0EDA2 /* Release */,
			);
			defaultConfigurationIsVisible = 0;
			defaultConfigurationName = Release;
		};
		0585A4292930070300A0EDA2 /* Build configuration list for PBXNativeTarget "pruebafinal" */ = {
			isa = XCConfigurationList;
			buildConfigurations = (
				0585A42A2930070300A0EDA2 /* Debug */,
				0585A42B2930070300A0EDA2 /* Release */,
			);
			defaultConfigurationIsVisible = 0;
			defaultConfigurationName = Release;
		};
		0585A42C2930070300A0EDA2 /* Build configuration list for PBXNativeTarget "pruebafinalTests" */ = {
			isa = XCConfigurationList;
			buildConfigurations = (
				0585A42D2930070300A0EDA2 /* Debug */,
				0585A42E2930070300A0EDA2 /* Release */,
			);
			defaultConfigurationIsVisible = 0;
			defaultConfigurationName = Release;
		};
		0585A42F2930070300A0EDA2 /* Build configuration list for PBXNativeTarget "pruebafinalUITests" */ = {
			isa = XCConfigurationList;
			buildConfigurations = (
				0585A4302930070300A0EDA2 /* Debug */,
				0585A4312930070300A0EDA2 /* Release */,
			);
			defaultConfigurationIsVisible = 0;
			defaultConfigurationName = Release;
		};
/* End XCConfigurationList section */
	};
	rootObject = 0585A3F72930070200A0EDA2 /* Project object */;
}
