// !$*UTF8*$!
{
	archiveVersion = 1;
	classes = {
	};
	objectVersion = 56;
	objects = {

/* Begin PBXBuildFile section */
		0585A4032930070200A0EDA2 /* AppDelegate.swift in Sources */ = {isa = PBXBuildFile; fileRef = 0585A4022930070200A0EDA2 /* AppDelegate.swift */; };
		0585A4052930070200A0EDA2 /* SceneDelegate.swift in Sources */ = {isa = PBXBuildFile; fileRef = 0585A4042930070200A0EDA2 /* SceneDelegate.swift */; };
		0585A4072930070200A0EDA2 /* ViewController.swift in Sources */ = {isa = PBXBuildFile; fileRef = 0585A4062930070200A0EDA2 /* ViewController.swift */; };
		0585A40A2930070200A0EDA2 /* Main.storyboard in Resources */ = {isa = PBXBuildFile; fileRef = 0585A4082930070200A0EDA2 /* Main.storyboard */; };
		0585A40C2930070300A0EDA2 /* Assets.xcassets in Resources */ = {isa = PBXBuildFile; fileRef = 0585A40B2930070300A0EDA2 /* Assets.xcassets */; };
		0585A40F2930070300A0EDA2 /* LaunchScreen.storyboard in Resources */ = {isa = PBXBuildFile; fileRef = 0585A40D2930070300A0EDA2 /* LaunchScreen.storyboard */; };
		0585A41A2930070300A0EDA2 /* pruebafinalTests.swift in Sources */ = {isa = PBXBuildFile; fileRef = 0585A4192930070300A0EDA2 /* pruebafinalTests.swift */; };
		0585A4242930070300A0EDA2 /* pruebafinalUITests.swift in Sources */ = {isa = PBXBuildFile; fileRef = 0585A4232930070300A0EDA2 /* pruebafinalUITests.swift */; };
		0585A4262930070300A0EDA2 /* pruebafinalUITestsLaunchTests.swift in Sources */ = {isa = PBXBuildFile; fileRef = 0585A4252930070300A0EDA2 /* pruebafinalUITestsLaunchTests.swift */; };
/* End PBXBuildFile section */

/* Begin PBXContainerItemProxy section */
		0585A4162930070300A0EDA2 /* PBXContainerItemProxy */ = {
			isa = PBXContainerItemProxy;
			containerPortal = 0585A3F72930070200A0EDA2 /* Project object */;
			proxyType = 1;
			remoteGlobalIDString = 0585A3FE2930070200A0EDA2;
			remoteInfo = pruebafinal;
		};
		0585A4202930070300A0EDA2 /* PBXContainerItemProxy */ = {
			isa = PBXContainerItemProxy;
			containerPortal = 0585A3F72930070200A0EDA2 /* Project object */;
			proxyType = 1;
			remoteGlobalIDString = 0585A3FE2930070200A0EDA2;
			remoteInfo = pruebafinal;
		};
/* End PBXContainerItemProxy section */

/* Begin PBXFileReference section */
		0585A3FF2930070200A0EDA2 /* pruebafinal.app */ = {isa = PBXFileReference; explicitFileType = wrapper.application; includeInIndex = 0; path = pruebafinal.app; sourceTree = BUILT_PRODUCTS_DIR; };
		0585A4022930070200A0EDA2 /* AppDelegate.swift */ = {isa = PBXFileReference; lastKnownFileType = sourcecode.swift; path = AppDelegate.swift; sourceTree = "<group>"; };
		0585A4042930070200A0EDA2 /* SceneDelegate.swift */ = {isa = PBXFileReference; lastKnownFileType = sourcecode.swift; path = SceneDelegate.swift; sourceTree = "<group>"; };
		0585A4062930070200A0EDA2 /* ViewController.swift */ = {isa = PBXFileReference; lastKnownFileType = sourcecode.swift; path = ViewController.swift; sourceTree = "<group>"; };
		0585A4092930070200A0EDA2 /* Base */ = {isa = PBXFileReference; lastKnownFileType = file.storyboard; name = Base; path = Base.lproj/Main.storyboard; sourceTree = "<group>"; };
		0585A40B2930070300A0EDA2 /* Assets.xcassets */ = {isa = PBXFileReference; lastKnownFileType = folder.assetcatalog; path = Assets.xcassets; sourceTree = "<group>"; };
		0585A40E2930070300A0EDA2 /* Base */ = {isa = PBXFileReference; lastKnownFileType = file.storyboard; name = Base; path = Base.lproj/LaunchScreen.storyboard; sourceTree = "<group>"; };
		0585A4102930070300A0EDA2 /* Info.plist */ = {isa = PBXFileReference; lastKnownFileType = text.plist.xml; path = Info.plist; sourceTree = "<group>"; };
		0585A4152930070300A0EDA2 /* pruebafinalTests.xctest */ = {isa = PBXFileReference; explicitFileType = wrapper.cfbundle; includeInIndex = 0; path = pruebafinalTests.xctest; sourceTree = BUILT_PRODUCTS_DIR; };
		0585A4192930070300A0EDA2 /* pruebafinalTests.swift */ = {isa = PBXFileReference; lastKnownFileType = sourcecode.swift; path = pruebafinalTests.swift; sourceTree = "<group>"; };
		0585A41F2930070300A0EDA2 /* pruebafinalUITests.xctest */ = {isa = PBXFileReference; explicitFileType = wrapper.cfbundle; includeInIndex = 0; path = pruebafinalUITests.xctest; sourceTree = BUILT_PRODUCTS_DIR; };
		0585A4232930070300A0EDA2 /* pruebafinalUITests.swift */ = {isa = PBXFileReference; lastKnownFileType = sourcecode.swift; path = pruebafinalUITests.swift; sourceTree = "<group>"; };
		0585A4252930070300A0EDA2 /* pruebafinalUITestsLaunchTests.swift */ = {isa = PBXFileReference; lastKnownFileType = sourcecode.swift; path = pruebafinalUITestsLaunchTests.swift; sourceTree = "<group>"; };
/* End PBXFileReference section */

/* Begin PBXFrameworksBuildPhase section */
		0585A3FC2930070200A0EDA2 /* Frameworks */ = {
			isa = PBXFrameworksBuildPhase;
			buildActionMask = 2147483647;
			files = (
			);
			runOnlyForDeploymentPostprocessing = 0;
		};
		0585A4122930070300A0EDA2 /* Frameworks */ = {
			isa = PBXFrameworksBuildPhase;
			buildActionMask = 2147483647;
			files = (
			);
			runOnlyForDeploymentPostprocessing = 0;
		};
		0585A41C2930070300A0EDA2 /* Frameworks */ = {
			isa = PBXFrameworksBuildPhase;
			buildActionMask = 2147483647;
			files = (
			);
			runOnlyForDeploymentPostprocessing = 0;
		};
/* End PBXFrameworksBuildPhase section */

/* Begin PBXGroup section */
		0585A3F62930070200A0EDA2 = {
			isa = PBXGroup;
			children = (
				0585A4012930070200A0EDA2 /* pruebafinal */,
				0585A4182930070300A0EDA2 /* pruebafinalTests */,
				0585A4222930070300A0EDA2 /* pruebafinalUITests */,
				0585A4002930070200A0EDA2 /* Products */,
			);
			sourceTree = "<group>";
		};
		0585A4002930070200A0EDA2 /* Products */ = {
			isa = PBXGroup;
			children = (
				0585A3FF2930070200A0EDA2 /* pruebafinal.app */,
				0585A4152930070300A0EDA2 /* pruebafinalTests.xctest */,
				0585A41F2930070300A0EDA2 /* pruebafinalUITests.xctest */,
			);
			name = Products;
			sourceTree = "<group>";
		};
		0585A4012930070200A0EDA2 /* pruebafinal */ = {
			isa = PBXGroup;
			children = (
				0585A4022930070200A0EDA2 /* AppDelegate.swift */,
				0585A4042930070200A0EDA2 /* SceneDelegate.swift */,
				0585A4062930070200A0EDA2 /* ViewController.swift */,
				0585A4082930070200A0EDA2 /* Main.storyboard */,
				0585A40B2930070300A0EDA2 /* Assets.xcassets */,
				0585A40D2930070300A0EDA2 /* LaunchScreen.storyboard */,
				0585A4102930070300A0EDA2 /* Info.plist */,
			);
			path = pruebafinal;
			sourceTree = "<group>";
		};
		0585A4182930070300A0EDA2 /* pruebafinalTests */ = {
			isa = PBXGroup;
			children = (
				0585A4192930070300A0EDA2 /* pruebafinalTests.swift */,
			);
			path = pruebafinalTests;
			sourceTree = "<group>";
		};
		0585A4222930070300A0EDA2 /* pruebafinalUITests */ = {
			isa = PBXGroup;
			children = (
				0585A4232930070300A0EDA2 /* pruebafinalUITests.swift */,
				0585A4252930070300A0EDA2 /* pruebafinalUITestsLaunchTests.swift */,
			);
			path = pruebafinalUITests;
			sourceTree = "<group>";
		};
/* End PBXGroup section */

/* Begin PBXNativeTarget section */
		0585A3FE2930070200A0EDA2 /* pruebafinal */ = {
			isa = PBXNativeTarget;
			buildConfigurationList = 0585A4292930070300A0EDA2 /* Build configuration list for PBXNativeTarget "pruebafinal" */;
			buildPhases = (
				0585A3FB2930070200A0EDA2 /* Sources */,
				0585A3FC2930070200A0EDA2 /* Frameworks */,
				0585A3FD2930070200A0EDA2 /* Resources */,
			);
			buildRules = (
			);
			dependencies = (
			);
			name = pruebafinal;
			productName = pruebafinal;
			productReference = 0585A3FF2930070200A0EDA2 /* pruebafinal.app */;
			productType = "com.apple.product-type.application";
		};
		0585A4142930070300A0EDA2 /* pruebafinalTests */ = {
			isa = PBXNativeTarget;
			buildConfigurationList = 0585A42C2930070300A0EDA2 /* Build configuration list for PBXNativeTarget "pruebafinalTests" */;
			buildPhases = (
				0585A4112930070300A0EDA2 /* Sources */,
				0585A4122930070300A0EDA2 /* Frameworks */,
				0585A4132930070300A0EDA2 /* Resources */,
			);
			buildRules = (
			);
			dependencies = (
				0585A4172930070300A0EDA2 /* PBXTargetDependency */,
			);
			name = pruebafinalTests;
			productName = pruebafinalTests;
			productReference = 0585A4152930070300A0EDA2 /* pruebafinalTests.xctest */;
			productType = "com.apple.product-type.bundle.unit-test";
		};
		0585A41E2930070300A0EDA2 /* pruebafinalUITests */ = {
			isa = PBXNativeTarget;
			buildConfigurationList = 0585A42F2930070300A0EDA2 /* Build configuration list for PBXNativeTarget "pruebafinalUITests" */;
			buildPhases = (
				0585A41B2930070300A0EDA2 /* Sources */,
				0585A41C2930070300A0EDA2 /* Frameworks */,
				0585A41D2930070300A0EDA2 /* Resources */,
			);
			buildRules = (
			);
			dependencies = (
				0585A4212930070300A0EDA2 /* PBXTargetDependency */,
			);
			name = pruebafinalUITests;
			productName = pruebafinalUITests;
			productReference = 0585A41F2930070300A0EDA2 /* pruebafinalUITests.xctest */;
			productType = "com.apple.product-type.bundle.ui-testing";
		};
/* End PBXNativeTarget section */

/* Begin PBXProject section */
		0585A3F72930070200A0EDA2 /* Project object */ = {
			isa = PBXProject;
			attributes = {
				BuildIndependentTargetsInParallel = 1;
				LastSwiftUpdateCheck = 1410;
				LastUpgradeCheck = 1410;
				TargetAttributes = {
					0585A3FE2930070200A0EDA2 = {
						CreatedOnToolsVersion = 14.1;
					};
					0585A4142930070300A0EDA2 = {
						CreatedOnToolsVersion = 14.1;
						TestTargetID = 0585A3FE2930070200A0EDA2;
					};
					0585A41E2930070300A0EDA2 = {
						CreatedOnToolsVersion = 14.1;
						TestTargetID = 0585A3FE2930070200A0EDA2;
					};
				};
			};
			buildConfigurationList = 0585A3FA2930070200A0EDA2 /* Build configuration list for PBXProject "pruebafinal" */;
			compatibilityVersion = "Xcode 14.0";
			developmentRegion = en;
			hasScannedForEncodings = 0;
			knownRegions = (
				en,
				Base,
			);
			mainGroup = 0585A3F62930070200A0EDA2;
			productRefGroup = 0585A4002930070200A0EDA2 /* Products */;
			projectDirPath = "";
			projectRoot = "";
			targets = (
				0585A3FE2930070200A0EDA2 /* pruebafinal */,
				0585A4142930070300A0EDA2 /* pruebafinalTests */,
				0585A41E2930070300A0EDA2 /* pruebafinalUITests */,
			);
		};
/* End PBXProject section */

/* Begin PBXResourcesBuildPhase section */
		0585A3FD2930070200A0EDA2 /* Resources */ = {
			isa = PBXResourcesBuildPhase;
			buildActionMask = 2147483647;
			files = (
				0585A40F2930070300A0EDA2 /* LaunchScreen.storyboard in Resources */,
				0585A40C2930070300A0EDA2 /* Assets.xcassets in Resources */,
				0585A40A2930070200A0EDA2 /* Main.storyboard in Resources */,
			);
			runOnlyForDeploymentPostprocessing = 0;
		};
		0585A4132930070300A0EDA2 /* Resources */ = {
			isa = PBXResourcesBuildPhase;
			buildActionMask = 2147483647;
			files = (
			);
			runOnlyForDeploymentPostprocessing = 0;
		};
		0585A41D2930070300A0EDA2 /* Resources */ = {
			isa = PBXResourcesBuildPhase;
			buildActionMask = 2147483647;
			files = (
			);
			runOnlyForDeploymentPostprocessing = 0;
		};
/* End PBXResourcesBuildPhase section */

/* Begin PBXSourcesBuildPhase section */
		0585A3FB2930070200A0EDA2 /* Sources */ = {
			isa = PBXSourcesBuildPhase;
			buildActionMask = 2147483647;
			files = (
				0585A4072930070200A0EDA2 /* ViewController.swift in Sources */,
				0585A4032930070200A0EDA2 /* AppDelegate.swift in Sources */,
				0585A4052930070200A0EDA2 /* SceneDelegate.swift in Sources */,
			);
			runOnlyForDeploymentPostprocessing = 0;
		};
		0585A4112930070300A0EDA2 /* Sources */ = {
			isa = PBXSourcesBuildPhase;
			buildActionMask = 2147483647;
			files = (
				0585A41A2930070300A0EDA2 /* pruebafinalTests.swift in Sources */,
			);
			runOnlyForDeploymentPostprocessing = 0;
		};
		0585A41B2930070300A0EDA2 /* Sources */ = {
			isa = PBXSourcesBuildPhase;
			buildActionMask = 2147483647;
			files = (
				0585A4262930070300A0EDA2 /* pruebafinalUITestsLaunchTests.swift in Sources */,
				0585A4242930070300A0EDA2 /* pruebafinalUITests.swift in Sources */,
			);
			runOnlyForDeploymentPostprocessing = 0;
		};
/* End PBXSourcesBuildPhase section */

/* Begin PBXTargetDependency section */
		0585A4172930070300A0EDA2 /* PBXTargetDependency */ = {
			isa = PBXTargetDependency;
			target = 0585A3FE2930070200A0EDA2 /* pruebafinal */;
			targetProxy = 0585A4162930070300A0EDA2 /* PBXContainerItemProxy */;
		};
		0585A4212930070300A0EDA2 /* PBXTargetDependency */ = {
			isa = PBXTargetDependency;
			target = 0585A3FE2930070200A0EDA2 /* pruebafinal */;
			targetProxy = 0585A4202930070300A0EDA2 /* PBXContainerItemProxy */;
		};
/* End PBXTargetDependency section */

/* Begin PBXVariantGroup section */
		0585A4082930070200A0EDA2 /* Main.storyboard */ = {
			isa = PBXVariantGroup;
			children = (
				0585A4092930070200A0EDA2 /* Base */,
			);
			name = Main.storyboard;
			sourceTree = "<group>";
		};
		0585A40D2930070300A0EDA2 /* LaunchScreen.storyboard */ = {
			isa = PBXVariantGroup;
			children = (
				0585A40E2930070300A0EDA2 /* Base */,
			);
			name = LaunchScreen.storyboard;
			sourceTree = "<group>";
		};
/* End PBXVariantGroup section */

/* Begin XCBuildConfiguration section */
		0585A4272930070300A0EDA2 /* Debug */ = {
			isa = XCBuildConfiguration;
			buildSettings = {
				ALWAYS_SEARCH_USER_PATHS = NO;
				CLANG_ANALYZER_NONNULL = YES;
				CLANG_ANALYZER_NUMBER_OBJECT_CONVERSION = YES_AGGRESSIVE;
				CLANG_CXX_LANGUAGE_STANDARD = "gnu++20";
				CLANG_ENABLE_MODULES = YES;
				CLANG_ENABLE_OBJC_ARC = YES;
				CLANG_ENABLE_OBJC_WEAK = YES;
				CLANG_WARN_BLOCK_CAPTURE_AUTORELEASING = YES;
				CLANG_WARN_BOOL_CONVERSION = YES;
				CLANG_WARN_COMMA = YES;
				CLANG_WARN_CONSTANT_CONVERSION = YES;
				CLANG_WARN_DEPRECATED_OBJC_IMPLEMENTATIONS = YES;
				CLANG_WARN_DIRECT_OBJC_ISA_USAGE = YES_ERROR;
				CLANG_WARN_DOCUMENTATION_COMMENTS = YES;
				CLANG_WARN_EMPTY_BODY = YES;
				CLANG_WARN_ENUM_CONVERSION = YES;
				CLANG_WARN_INFINITE_RECURSION = YES;
				CLANG_WARN_INT_CONVERSION = YES;
				CLANG_WARN_NON_LITERAL_NULL_CONVERSION = YES;
				CLANG_WARN_OBJC_IMPLICIT_RETAIN_SELF = YES;
				CLANG_WARN_OBJC_LITERAL_CONVERSION = YES;
				CLANG_WARN_OBJC_ROOT_CLASS = YES_ERROR;
				CLANG_WARN_QUOTED_INCLUDE_IN_FRAMEWORK_HEADER = YES;
				CLANG_WARN_RANGE_LOOP_ANALYSIS = YES;
				CLANG_WARN_STRICT_PROTOTYPES = YES;
				CLANG_WARN_SUSPICIOUS_MOVE = YES;
				CLANG_WARN_UNGUARDED_AVAILABILITY = YES_AGGRESSIVE;
				CLANG_WARN_UNREACHABLE_CODE = YES;
				CLANG_WARN__DUPLICATE_METHOD_MATCH = YES;
				COPY_PHASE_STRIP = NO;
				DEBUG_INFORMATION_FORMAT = dwarf;
				ENABLE_STRICT_OBJC_MSGSEND = YES;
				ENABLE_TESTABILITY = YES;
				GCC_C_LANGUAGE_STANDARD = gnu11;
				GCC_DYNAMIC_NO_PIC = NO;
				GCC_NO_COMMON_BLOCKS = YES;
				GCC_OPTIMIZATION_LEVEL = 0;
				GCC_PREPROCESSOR_DEFINITIONS = (
					"DEBUG=1",
					"$(inherited)",
				);
				GCC_WARN_64_TO_32_BIT_CONVERSION = YES;
				GCC_WARN_ABOUT_RETURN_TYPE = YES_ERROR;
				GCC_WARN_UNDECLARED_SELECTOR = YES;
				GCC_WARN_UNINITIALIZED_AUTOS = YES_AGGRESSIVE;
				GCC_WARN_UNUSED_FUNCTION = YES;
				GCC_WARN_UNUSED_VARIABLE = YES;
				IPHONEOS_DEPLOYMENT_TARGET = 16.1;
				MTL_ENABLE_DEBUG_INFO = INCLUDE_SOURCE;
				MTL_FAST_MATH = YES;
				ONLY_ACTIVE_ARCH = YES;
				SDKROOT = iphoneos;
				SWIFT_ACTIVE_COMPILATION_CONDITIONS = DEBUG;
				SWIFT_OPTIMIZATION_LEVEL = "-Onone";
			};
			name = Debug;
		};
		0585A4282930070300A0EDA2 /* Release */ = {
			isa = XCBuildConfiguration;
			buildSettings = {
				ALWAYS_SEARCH_USER_PATHS = NO;
				CLANG_ANALYZER_NONNULL = YES;
				CLANG_ANALYZER_NUMBER_OBJECT_CONVERSION = YES_AGGRESSIVE;
				CLANG_CXX_LANGUAGE_STANDARD = "gnu++20";
				CLANG_ENABLE_MODULES = YES;
				CLANG_ENABLE_OBJC_ARC = YES;
				CLANG_ENABLE_OBJC_WEAK = YES;
				CLANG_WARN_BLOCK_CAPTURE_AUTORELEASING = YES;
				CLANG_WARN_BOOL_CONVERSION = YES;
				CLANG_WARN_COMMA = YES;
				CLANG_WARN_CONSTANT_CONVERSION = YES;
				CLANG_WARN_DEPRECATED_OBJC_IMPLEMENTATIONS = YES;
				CLANG_WARN_DIRECT_OBJC_ISA_USAGE = YES_ERROR;
				CLANG_WARN_DOCUMENTATION_COMMENTS = YES;
				CLANG_WARN_EMPTY_BODY = YES;
				CLANG_WARN_ENUM_CONVERSION = YES;
				CLANG_WARN_INFINITE_RECURSION = YES;
				CLANG_WARN_INT_CONVERSION = YES;
				CLANG_WARN_NON_LITERAL_NULL_CONVERSION = YES;
				CLANG_WARN_OBJC_IMPLICIT_RETAIN_SELF = YES;
				CLANG_WARN_OBJC_LITERAL_CONVERSION = YES;
				CLANG_WARN_OBJC_ROOT_CLASS = YES_ERROR;
				CLANG_WARN_QUOTED_INCLUDE_IN_FRAMEWORK_HEADER = YES;
				CLANG_WARN_RANGE_LOOP_ANALYSIS = YES;
				CLANG_WARN_STRICT_PROTOTYPES = YES;
				CLANG_WARN_SUSPICIOUS_MOVE = YES;
				CLANG_WARN_UNGUARDED_AVAILABILITY = YES_AGGRESSIVE;
				CLANG_WARN_UNREACHABLE_CODE = YES;
				CLANG_WARN__DUPLICATE_METHOD_MATCH = YES;
				COPY_PHASE_STRIP = NO;
				DEBUG_INFORMATION_FORMAT = "dwarf-with-dsym";
				ENABLE_NS_ASSERTIONS = NO;
				ENABLE_STRICT_OBJC_MSGSEND = YES;
				GCC_C_LANGUAGE_STANDARD = gnu11;
				GCC_NO_COMMON_BLOCKS = YES;
				GCC_WARN_64_TO_32_BIT_CONVERSION = YES;
				GCC_WARN_ABOUT_RETURN_TYPE = YES_ERROR;
				GCC_WARN_UNDECLARED_SELECTOR = YES;
				GCC_WARN_UNINITIALIZED_AUTOS = YES_AGGRESSIVE;
				GCC_WARN_UNUSED_FUNCTION = YES;
				GCC_WARN_UNUSED_VARIABLE = YES;
				IPHONEOS_DEPLOYMENT_TARGET = 16.1;
				MTL_ENABLE_DEBUG_INFO = NO;
				MTL_FAST_MATH = YES;
				SDKROOT = iphoneos;
				SWIFT_COMPILATION_MODE = wholemodule;
				SWIFT_OPTIMIZATION_LEVEL = "-O";
				VALIDATE_PRODUCT = YES;
			};
			name = Release;
		};
		0585A42A2930070300A0EDA2 /* Debug */ = {
			isa = XCBuildConfiguration;
			buildSettings = {
				ASSETCATALOG_COMPILER_APPICON_NAME = AppIcon;
				ASSETCATALOG_COMPILER_GLOBAL_ACCENT_COLOR_NAME = AccentColor;
				CODE_SIGN_STYLE = Automatic;
				CURRENT_PROJECT_VERSION = 1;
				GENERATE_INFOPLIST_FILE = YES;
				INFOPLIST_FILE = pruebafinal/Info.plist;
				INFOPLIST_KEY_UIApplicationSupportsIndirectInputEvents = YES;
				INFOPLIST_KEY_UILaunchStoryboardName = LaunchScreen;
				INFOPLIST_KEY_UIMainStoryboardFile = Main;
				INFOPLIST_KEY_UISupportedInterfaceOrientations_iPad = "UIInterfaceOrientationPortrait UIInterfaceOrientationPortraitUpsideDown UIInterfaceOrientationLandscapeLeft UIInterfaceOrientationLandscapeRight";
				INFOPLIST_KEY_UISupportedInterfaceOrientations_iPhone = "UIInterfaceOrientationPortrait UIInterfaceOrientationLandscapeLeft UIInterfaceOrientationLandscapeRight";
				LD_RUNPATH_SEARCH_PATHS = (
					"$(inherited)",
					"@executable_path/Frameworks",
				);
				MARKETING_VERSION = 1.0;
				PRODUCT_BUNDLE_IDENTIFIER = yo.pruebafinal;
				PRODUCT_NAME = "$(TARGET_NAME)";
				SWIFT_EMIT_LOC_STRINGS = YES;
				SWIFT_VERSION = 5.0;
				TARGETED_DEVICE_FAMILY = "1,2";
			};
			name = Debug;
		};
		0585A42B2930070300A0EDA2 /* Release */ = {
			isa = XCBuildConfiguration;
			buildSettings = {
				ASSETCATALOG_COMPILER_APPICON_NAME = AppIcon;
				ASSETCATALOG_COMPILER_GLOBAL_ACCENT_COLOR_NAME = AccentColor;
				CODE_SIGN_STYLE = Automatic;
				CURRENT_PROJECT_VERSION = 1;
				GENERATE_INFOPLIST_FILE = YES;
				INFOPLIST_FILE = pruebafinal/Info.plist;
				INFOPLIST_KEY_UIApplicationSupportsIndirectInputEvents = YES;
				INFOPLIST_KEY_UILaunchStoryboardName = LaunchScreen;
				INFOPLIST_KEY_UIMainStoryboardFile = Main;
				INFOPLIST_KEY_UISupportedInterfaceOrientations_iPad = "UIInterfaceOrientationPortrait UIInterfaceOrientationPortraitUpsideDown UIInterfaceOrientationLandscapeLeft UIInterfaceOrientationLandscapeRight";
				INFOPLIST_KEY_UISupportedInterfaceOrientations_iPhone = "UIInterfaceOrientationPortrait UIInterfaceOrientationLandscapeLeft UIInterfaceOrientationLandscapeRight";
				LD_RUNPATH_SEARCH_PATHS = (
					"$(inherited)",
					"@executable_path/Frameworks",
				);
				MARKETING_VERSION = 1.0;
				PRODUCT_BUNDLE_IDENTIFIER = yo.pruebafinal;
				PRODUCT_NAME = "$(TARGET_NAME)";
				SWIFT_EMIT_LOC_STRINGS = YES;
				SWIFT_VERSION = 5.0;
				TARGETED_DEVICE_FAMILY = "1,2";
			};
			name = Release;
		};
		0585A42D2930070300A0EDA2 /* Debug */ = {
			isa = XCBuildConfiguration;
			buildSettings = {
				ALWAYS_EMBED_SWIFT_STANDARD_LIBRARIES = YES;
				BUNDLE_LOADER = "$(TEST_HOST)";
				CODE_SIGN_STYLE = Automatic;
				CURRENT_PROJECT_VERSION = 1;
				GENERATE_INFOPLIST_FILE = YES;
				IPHONEOS_DEPLOYMENT_TARGET = 16.1;
				MARKETING_VERSION = 1.0;
				PRODUCT_BUNDLE_IDENTIFIER = yo.pruebafinalTests;
				PRODUCT_NAME = "$(TARGET_NAME)";
				SWIFT_EMIT_LOC_STRINGS = NO;
				SWIFT_VERSION = 5.0;
				TARGETED_DEVICE_FAMILY = "1,2";
				TEST_HOST = "$(BUILT_PRODUCTS_DIR)/pruebafinal.app/$(BUNDLE_EXECUTABLE_FOLDER_PATH)/pruebafinal";
			};
			name = Debug;
		};
		0585A42E2930070300A0EDA2 /* Release */ = {
			isa = XCBuildConfiguration;
			buildSettings = {
				ALWAYS_EMBED_SWIFT_STANDARD_LIBRARIES = YES;
				BUNDLE_LOADER = "$(TEST_HOST)";
				CODE_SIGN_STYLE = Automatic;
				CURRENT_PROJECT_VERSION = 1;
				GENERATE_INFOPLIST_FILE = YES;
				IPHONEOS_DEPLOYMENT_TARGET = 16.1;
				MARKETING_VERSION = 1.0;
				PRODUCT_BUNDLE_IDENTIFIER = yo.pruebafinalTests;
				PRODUCT_NAME = "$(TARGET_NAME)";
				SWIFT_EMIT_LOC_STRINGS = NO;
				SWIFT_VERSION = 5.0;
				TARGETED_DEVICE_FAMILY = "1,2";
				TEST_HOST = "$(BUILT_PRODUCTS_DIR)/pruebafinal.app/$(BUNDLE_EXECUTABLE_FOLDER_PATH)/pruebafinal";
			};
			name = Release;
		};
		0585A4302930070300A0EDA2 /* Debug */ = {
			isa = XCBuildConfiguration;
			buildSettings = {
				ALWAYS_EMBED_SWIFT_STANDARD_LIBRARIES = YES;
				CODE_SIGN_STYLE = Automatic;
				CURRENT_PROJECT_VERSION = 1;
				GENERATE_INFOPLIST_FILE = YES;
				MARKETING_VERSION = 1.0;
				PRODUCT_BUNDLE_IDENTIFIER = yo.pruebafinalUITests;
				PRODUCT_NAME = "$(TARGET_NAME)";
				SWIFT_EMIT_LOC_STRINGS = NO;
				SWIFT_VERSION = 5.0;
				TARGETED_DEVICE_FAMILY = "1,2";
				TEST_TARGET_NAME = pruebafinal;
			};
			name = Debug;
		};
		0585A4312930070300A0EDA2 /* Release */ = {
			isa = XCBuildConfiguration;
			buildSettings = {
				ALWAYS_EMBED_SWIFT_STANDARD_LIBRARIES = YES;
				CODE_SIGN_STYLE = Automatic;
				CURRENT_PROJECT_VERSION = 1;
				GENERATE_INFOPLIST_FILE = YES;
				MARKETING_VERSION = 1.0;
				PRODUCT_BUNDLE_IDENTIFIER = yo.pruebafinalUITests;
				PRODUCT_NAME = "$(TARGET_NAME)";
				SWIFT_EMIT_LOC_STRINGS = NO;
				SWIFT_VERSION = 5.0;
				TARGETED_DEVICE_FAMILY = "1,2";
				TEST_TARGET_NAME = pruebafinal;
			};
			name = Release;
		};
/* End XCBuildConfiguration section */

/* Begin XCConfigurationList section */
		0585A3FA2930070200A0EDA2 /* Build configuration list for PBXProject "pruebafinal" */ = {
			isa = XCConfigurationList;
			buildConfigurations = (
				0585A4272930070300A0EDA2 /* Debug */,
				0585A4282930070300A0EDA2 /* Release */,
			);
			defaultConfigurationIsVisible = 0;
			defaultConfigurationName = Release;
		};
		0585A4292930070300A0EDA2 /* Build configuration list for PBXNativeTarget "pruebafinal" */ = {
			isa = XCConfigurationList;
			buildConfigurations = (
				0585A42A2930070300A0EDA2 /* Debug */,
				0585A42B2930070300A0EDA2 /* Release */,
			);
			defaultConfigurationIsVisible = 0;
			defaultConfigurationName = Release;
		};
		0585A42C2930070300A0EDA2 /* Build configuration list for PBXNativeTarget "pruebafinalTests" */ = {
			isa = XCConfigurationList;
			buildConfigurations = (
				0585A42D2930070300A0EDA2 /* Debug */,
				0585A42E2930070300A0EDA2 /* Release */,
			);
			defaultConfigurationIsVisible = 0;
			defaultConfigurationName = Release;
		};
		0585A42F2930070300A0EDA2 /* Build configuration list for PBXNativeTarget "pruebafinalUITests" */ = {
			isa = XCConfigurationList;
			buildConfigurations = (
				0585A4302930070300A0EDA2 /* Debug */,
				0585A4312930070300A0EDA2 /* Release */,
			);
			defaultConfigurationIsVisible = 0;
			defaultConfigurationName = Release;
		};
/* End XCConfigurationList section */
	};
	rootObject = 0585A3F72930070200A0EDA2 /* Project object */;
}
